// !$*UTF8*$!
{
	archiveVersion = 1;
	classes = {
	};
	objectVersion = 46;
	objects = {

/* Begin PBXBuildFile section */
		930BBBF91702D32100B664C2 /* MFFiltersControl.m in Sources */ = {isa = PBXBuildFile; fileRef = 930BBBF81702D32100B664C2 /* MFFiltersControl.m */; };
		930BBBFC1702E0A000B664C2 /* MFSettings.m in Sources */ = {isa = PBXBuildFile; fileRef = 930BBBFB1702E0A000B664C2 /* MFSettings.m */; };
		930BBC1217036EA700B664C2 /* MFDatabase.m in Sources */ = {isa = PBXBuildFile; fileRef = 930BBC1117036EA700B664C2 /* MFDatabase.m */; };
		930BBC151703814600B664C2 /* MFProjectSelector.m in Sources */ = {isa = PBXBuildFile; fileRef = 930BBC141703814600B664C2 /* MFProjectSelector.m */; };
		930BBC18170444D300B664C2 /* MFIssuesList.m in Sources */ = {isa = PBXBuildFile; fileRef = 930BBC17170444D200B664C2 /* MFIssuesList.m */; };
		9355162C171F012D006AE6AB /* BigBubbleGloss.tiff in Resources */ = {isa = PBXBuildFile; fileRef = 9355162A171F012D006AE6AB /* BigBubbleGloss.tiff */; };
		9355162D171F012D006AE6AB /* BigBubbleMask.tiff in Resources */ = {isa = PBXBuildFile; fileRef = 9355162B171F012D006AE6AB /* BigBubbleMask.tiff */; };
		93551630171F0181006AE6AB /* ImageBubbleGloss.tiff in Resources */ = {isa = PBXBuildFile; fileRef = 9355162E171F0181006AE6AB /* ImageBubbleGloss.tiff */; };
		93551631171F0181006AE6AB /* ImageBubbleMask.tiff in Resources */ = {isa = PBXBuildFile; fileRef = 9355162F171F0181006AE6AB /* ImageBubbleMask.tiff */; };
		93551633171F019B006AE6AB /* linen.tiff in Resources */ = {isa = PBXBuildFile; fileRef = 93551632171F019B006AE6AB /* linen.tiff */; };
		93551635171F01B9006AE6AB /* picture frame.tiff in Resources */ = {isa = PBXBuildFile; fileRef = 93551634171F01B9006AE6AB /* picture frame.tiff */; };
		936EED7816FF421700379492 /* background_small.png in Resources */ = {isa = PBXBuildFile; fileRef = 936EED7716FF421700379492 /* background_small.png */; };
		936EED7B16FF5F2D00379492 /* p1.png in Resources */ = {isa = PBXBuildFile; fileRef = 936EED7916FF5F2D00379492 /* p1.png */; };
		936EED7C16FF5F2D00379492 /* p2.png in Resources */ = {isa = PBXBuildFile; fileRef = 936EED7A16FF5F2D00379492 /* p2.png */; };
		937FD5F3171C3AA5005C9F64 /* Journal.m in Sources */ = {isa = PBXBuildFile; fileRef = 937FD5F2171C3AA5005C9F64 /* Journal.m */; };
		937FD5F6171C3AA5005C9F64 /* Activity.m in Sources */ = {isa = PBXBuildFile; fileRef = 937FD5F5171C3AA5005C9F64 /* Activity.m */; };
		937FD5F9171C3AA5005C9F64 /* Status.m in Sources */ = {isa = PBXBuildFile; fileRef = 937FD5F8171C3AA5005C9F64 /* Status.m */; };
		937FD5FC171C3AA5005C9F64 /* Tracker.m in Sources */ = {isa = PBXBuildFile; fileRef = 937FD5FB171C3AA5005C9F64 /* Tracker.m */; };
		937FD5FF171C3AA5005C9F64 /* Membership.m in Sources */ = {isa = PBXBuildFile; fileRef = 937FD5FE171C3AA5005C9F64 /* Membership.m */; };
		937FD602171C3AA5005C9F64 /* Issue.m in Sources */ = {isa = PBXBuildFile; fileRef = 937FD601171C3AA5005C9F64 /* Issue.m */; };
		937FD605171C3AA6005C9F64 /* Attach.m in Sources */ = {isa = PBXBuildFile; fileRef = 937FD604171C3AA6005C9F64 /* Attach.m */; };
		937FD608171C3AA6005C9F64 /* TimeEntry.m in Sources */ = {isa = PBXBuildFile; fileRef = 937FD607171C3AA6005C9F64 /* TimeEntry.m */; };
		937FD60B171C3AA6005C9F64 /* User.m in Sources */ = {isa = PBXBuildFile; fileRef = 937FD60A171C3AA6005C9F64 /* User.m */; };
		937FD60E171C3AA6005C9F64 /* Role.m in Sources */ = {isa = PBXBuildFile; fileRef = 937FD60D171C3AA6005C9F64 /* Role.m */; };
		937FD611171C3AA6005C9F64 /* Relation.m in Sources */ = {isa = PBXBuildFile; fileRef = 937FD610171C3AA6005C9F64 /* Relation.m */; };
		937FD614171C3AA6005C9F64 /* Detail.m in Sources */ = {isa = PBXBuildFile; fileRef = 937FD613171C3AA6005C9F64 /* Detail.m */; };
		937FD617171C3AA6005C9F64 /* Priority.m in Sources */ = {isa = PBXBuildFile; fileRef = 937FD616171C3AA6005C9F64 /* Priority.m */; };
		937FD61A171C3AA6005C9F64 /* Project.m in Sources */ = {isa = PBXBuildFile; fileRef = 937FD619171C3AA6005C9F64 /* Project.m */; };
		937FD61D171C3AA6005C9F64 /* Version.m in Sources */ = {isa = PBXBuildFile; fileRef = 937FD61C171C3AA6005C9F64 /* Version.m */; };
		937FD61F171C579F005C9F64 /* WebKit.framework in Frameworks */ = {isa = PBXBuildFile; fileRef = 937FD61E171C579F005C9F64 /* WebKit.framework */; };
		9390E70616FCD1A800D68182 /* Cocoa.framework in Frameworks */ = {isa = PBXBuildFile; fileRef = 9390E70516FCD1A800D68182 /* Cocoa.framework */; };
		9390E71016FCD1A800D68182 /* InfoPlist.strings in Resources */ = {isa = PBXBuildFile; fileRef = 9390E70E16FCD1A800D68182 /* InfoPlist.strings */; };
		9390E71216FCD1A800D68182 /* main.m in Sources */ = {isa = PBXBuildFile; fileRef = 9390E71116FCD1A800D68182 /* main.m */; };
		9390E71616FCD1A900D68182 /* Credits.rtf in Resources */ = {isa = PBXBuildFile; fileRef = 9390E71416FCD1A900D68182 /* Credits.rtf */; };
		9390E71916FCD1A900D68182 /* MFAppDelegate.m in Sources */ = {isa = PBXBuildFile; fileRef = 9390E71816FCD1A900D68182 /* MFAppDelegate.m */; };
		9390E71C16FCD1A900D68182 /* MainMenu.xib in Resources */ = {isa = PBXBuildFile; fileRef = 9390E71A16FCD1A900D68182 /* MainMenu.xib */; };
		9390E71F16FCD1A900D68182 /* R.xcdatamodeld in Sources */ = {isa = PBXBuildFile; fileRef = 9390E71D16FCD1A900D68182 /* R.xcdatamodeld */; };
		9390E72716FCD1A900D68182 /* RImporter.mdimporter in Resources */ = {isa = PBXBuildFile; fileRef = 9390E72416FCD1A900D68182 /* RImporter.mdimporter */; };
		9390E72916FCD1A900D68182 /* CoreServices.framework in Frameworks */ = {isa = PBXBuildFile; fileRef = 9390E72816FCD1A900D68182 /* CoreServices.framework */; };
		9390E72B16FCD1A900D68182 /* CoreFoundation.framework in Frameworks */ = {isa = PBXBuildFile; fileRef = 9390E72A16FCD1A900D68182 /* CoreFoundation.framework */; };
		9390E72D16FCD1A900D68182 /* CoreData.framework in Frameworks */ = {isa = PBXBuildFile; fileRef = 9390E72C16FCD1A900D68182 /* CoreData.framework */; };
		9390E72F16FCD1A900D68182 /* Foundation.framework in Frameworks */ = {isa = PBXBuildFile; fileRef = 9390E72E16FCD1A900D68182 /* Foundation.framework */; };
		9390E73516FCD1AA00D68182 /* InfoPlist.strings in Resources */ = {isa = PBXBuildFile; fileRef = 9390E73316FCD1AA00D68182 /* InfoPlist.strings */; };
		9390E73716FCD1AA00D68182 /* main.c in Sources */ = {isa = PBXBuildFile; fileRef = 9390E73616FCD1AA00D68182 /* main.c */; };
		9390E73916FCD1AA00D68182 /* GetMetadataForFile.m in Sources */ = {isa = PBXBuildFile; fileRef = 9390E73816FCD1AA00D68182 /* GetMetadataForFile.m */; };
		9390E73C16FCD1AA00D68182 /* MySpotlightImporter.m in Sources */ = {isa = PBXBuildFile; fileRef = 9390E73B16FCD1AA00D68182 /* MySpotlightImporter.m */; };
		9390E77D16FCF90D00D68182 /* TFHpple.m in Sources */ = {isa = PBXBuildFile; fileRef = 9390E74A16FCF90D00D68182 /* TFHpple.m */; };
		9390E77E16FCF90D00D68182 /* TFHppleElement.m in Sources */ = {isa = PBXBuildFile; fileRef = 9390E74C16FCF90D00D68182 /* TFHppleElement.m */; };
		9390E77F16FCF90D00D68182 /* XPathQuery.m in Sources */ = {isa = PBXBuildFile; fileRef = 9390E74E16FCF90D00D68182 /* XPathQuery.m */; };
		9390E79616FCFB7100D68182 /* libxml2.dylib in Frameworks */ = {isa = PBXBuildFile; fileRef = 9390E79516FCFB7100D68182 /* libxml2.dylib */; };
		9390E79916FCFF9500D68182 /* MFPreferencesPanel.m in Sources */ = {isa = PBXBuildFile; fileRef = 9390E79816FCFF9500D68182 /* MFPreferencesPanel.m */; };
		9390E79A16FD07C600D68182 /* Foundation.framework in Frameworks */ = {isa = PBXBuildFile; fileRef = 9390E70A16FCD1A800D68182 /* Foundation.framework */; };
		9390E79D16FD0BD200D68182 /* MFConnector.m in Sources */ = {isa = PBXBuildFile; fileRef = 9390E79C16FD0BD100D68182 /* MFConnector.m */; };
		9390E79F16FDEA4200D68182 /* background.png in Resources */ = {isa = PBXBuildFile; fileRef = 9390E79E16FDEA4200D68182 /* background.png */; };
		9390E7A116FE002D00D68182 /* background_p.png in Resources */ = {isa = PBXBuildFile; fileRef = 9390E7A016FE002D00D68182 /* background_p.png */; };
		93BEB3DF17116F0C003D5A01 /* MFIssueView.m in Sources */ = {isa = PBXBuildFile; fileRef = 93BEB3DE17116F0C003D5A01 /* MFIssueView.m */; };
		93BEB3F31713811B003D5A01 /* Icon.icns in Resources */ = {isa = PBXBuildFile; fileRef = 93BEB3F21713811B003D5A01 /* Icon.icns */; };
		93C94493170C40B500843955 /* MFAuthorization.m in Sources */ = {isa = PBXBuildFile; fileRef = 93C94492170C40B500843955 /* MFAuthorization.m */; };
		93C9449A170DE39E00843955 /* MFDatabaseUpdator.m in Sources */ = {isa = PBXBuildFile; fileRef = 93C94499170DE39E00843955 /* MFDatabaseUpdator.m */; };
		93EEA9D016FF9AB00066ECC7 /* add.png in Resources */ = {isa = PBXBuildFile; fileRef = 93EEA9CF16FF9AB00066ECC7 /* add.png */; };
		93EEA9D616FF9F350066ECC7 /* add5.png in Resources */ = {isa = PBXBuildFile; fileRef = 93EEA9D116FF9F350066ECC7 /* add5.png */; };
		93EEA9D716FF9F350066ECC7 /* add4.png in Resources */ = {isa = PBXBuildFile; fileRef = 93EEA9D216FF9F350066ECC7 /* add4.png */; };
		93EEA9D816FF9F350066ECC7 /* add3.png in Resources */ = {isa = PBXBuildFile; fileRef = 93EEA9D316FF9F350066ECC7 /* add3.png */; };
		93EEA9D916FF9F350066ECC7 /* add2.png in Resources */ = {isa = PBXBuildFile; fileRef = 93EEA9D416FF9F350066ECC7 /* add2.png */; };
		93EEA9DA16FF9F350066ECC7 /* add1.png in Resources */ = {isa = PBXBuildFile; fileRef = 93EEA9D516FF9F350066ECC7 /* add1.png */; };
/* End PBXBuildFile section */

/* Begin PBXContainerItemProxy section */
		9390E72516FCD1A900D68182 /* PBXContainerItemProxy */ = {
			isa = PBXContainerItemProxy;
			containerPortal = 9390E6FA16FCD1A800D68182 /* Project object */;
			proxyType = 1;
			remoteGlobalIDString = 9390E72316FCD1A900D68182;
			remoteInfo = RImporter;
		};
/* End PBXContainerItemProxy section */

/* Begin PBXFileReference section */
		930BBBF71702D32100B664C2 /* MFFiltersControl.h */ = {isa = PBXFileReference; fileEncoding = 4; lastKnownFileType = sourcecode.c.h; path = MFFiltersControl.h; sourceTree = "<group>"; };
		930BBBF81702D32100B664C2 /* MFFiltersControl.m */ = {isa = PBXFileReference; fileEncoding = 4; lastKnownFileType = sourcecode.c.objc; path = MFFiltersControl.m; sourceTree = "<group>"; };
		930BBBFA1702E09F00B664C2 /* MFSettings.h */ = {isa = PBXFileReference; fileEncoding = 4; lastKnownFileType = sourcecode.c.h; path = MFSettings.h; sourceTree = "<group>"; };
		930BBBFB1702E0A000B664C2 /* MFSettings.m */ = {isa = PBXFileReference; fileEncoding = 4; lastKnownFileType = sourcecode.c.objc; path = MFSettings.m; sourceTree = "<group>"; };
		930BBC1017036EA700B664C2 /* MFDatabase.h */ = {isa = PBXFileReference; fileEncoding = 4; lastKnownFileType = sourcecode.c.h; path = MFDatabase.h; sourceTree = "<group>"; };
		930BBC1117036EA700B664C2 /* MFDatabase.m */ = {isa = PBXFileReference; fileEncoding = 4; lastKnownFileType = sourcecode.c.objc; path = MFDatabase.m; sourceTree = "<group>"; };
		930BBC131703814600B664C2 /* MFProjectSelector.h */ = {isa = PBXFileReference; fileEncoding = 4; lastKnownFileType = sourcecode.c.h; path = MFProjectSelector.h; sourceTree = "<group>"; };
		930BBC141703814600B664C2 /* MFProjectSelector.m */ = {isa = PBXFileReference; fileEncoding = 4; lastKnownFileType = sourcecode.c.objc; path = MFProjectSelector.m; sourceTree = "<group>"; };
		930BBC16170444D200B664C2 /* MFIssuesList.h */ = {isa = PBXFileReference; fileEncoding = 4; lastKnownFileType = sourcecode.c.h; path = MFIssuesList.h; sourceTree = "<group>"; };
		930BBC17170444D200B664C2 /* MFIssuesList.m */ = {isa = PBXFileReference; fileEncoding = 4; lastKnownFileType = sourcecode.c.objc; path = MFIssuesList.m; sourceTree = "<group>"; };
		9355162A171F012D006AE6AB /* BigBubbleGloss.tiff */ = {isa = PBXFileReference; lastKnownFileType = image.tiff; path = BigBubbleGloss.tiff; sourceTree = "<group>"; };
		9355162B171F012D006AE6AB /* BigBubbleMask.tiff */ = {isa = PBXFileReference; lastKnownFileType = image.tiff; path = BigBubbleMask.tiff; sourceTree = "<group>"; };
		9355162E171F0181006AE6AB /* ImageBubbleGloss.tiff */ = {isa = PBXFileReference; lastKnownFileType = image.tiff; path = ImageBubbleGloss.tiff; sourceTree = "<group>"; };
		9355162F171F0181006AE6AB /* ImageBubbleMask.tiff */ = {isa = PBXFileReference; lastKnownFileType = image.tiff; path = ImageBubbleMask.tiff; sourceTree = "<group>"; };
		93551632171F019B006AE6AB /* linen.tiff */ = {isa = PBXFileReference; lastKnownFileType = image.tiff; path = linen.tiff; sourceTree = "<group>"; };
		93551634171F01B9006AE6AB /* picture frame.tiff */ = {isa = PBXFileReference; lastKnownFileType = image.tiff; path = "picture frame.tiff"; sourceTree = "<group>"; };
		936EED7716FF421700379492 /* background_small.png */ = {isa = PBXFileReference; lastKnownFileType = image.png; path = background_small.png; sourceTree = "<group>"; };
		936EED7916FF5F2D00379492 /* p1.png */ = {isa = PBXFileReference; lastKnownFileType = image.png; path = p1.png; sourceTree = "<group>"; };
		936EED7A16FF5F2D00379492 /* p2.png */ = {isa = PBXFileReference; lastKnownFileType = image.png; path = p2.png; sourceTree = "<group>"; };
		937FD5F1171C3AA5005C9F64 /* Journal.h */ = {isa = PBXFileReference; fileEncoding = 4; lastKnownFileType = sourcecode.c.h; path = Journal.h; sourceTree = "<group>"; };
		937FD5F2171C3AA5005C9F64 /* Journal.m */ = {isa = PBXFileReference; fileEncoding = 4; lastKnownFileType = sourcecode.c.objc; path = Journal.m; sourceTree = "<group>"; };
		937FD5F4171C3AA5005C9F64 /* Activity.h */ = {isa = PBXFileReference; fileEncoding = 4; lastKnownFileType = sourcecode.c.h; path = Activity.h; sourceTree = "<group>"; };
		937FD5F5171C3AA5005C9F64 /* Activity.m */ = {isa = PBXFileReference; fileEncoding = 4; lastKnownFileType = sourcecode.c.objc; path = Activity.m; sourceTree = "<group>"; };
		937FD5F7171C3AA5005C9F64 /* Status.h */ = {isa = PBXFileReference; fileEncoding = 4; lastKnownFileType = sourcecode.c.h; path = Status.h; sourceTree = "<group>"; };
		937FD5F8171C3AA5005C9F64 /* Status.m */ = {isa = PBXFileReference; fileEncoding = 4; lastKnownFileType = sourcecode.c.objc; path = Status.m; sourceTree = "<group>"; };
		937FD5FA171C3AA5005C9F64 /* Tracker.h */ = {isa = PBXFileReference; fileEncoding = 4; lastKnownFileType = sourcecode.c.h; path = Tracker.h; sourceTree = "<group>"; };
		937FD5FB171C3AA5005C9F64 /* Tracker.m */ = {isa = PBXFileReference; fileEncoding = 4; lastKnownFileType = sourcecode.c.objc; path = Tracker.m; sourceTree = "<group>"; };
		937FD5FD171C3AA5005C9F64 /* Membership.h */ = {isa = PBXFileReference; fileEncoding = 4; lastKnownFileType = sourcecode.c.h; path = Membership.h; sourceTree = "<group>"; };
		937FD5FE171C3AA5005C9F64 /* Membership.m */ = {isa = PBXFileReference; fileEncoding = 4; lastKnownFileType = sourcecode.c.objc; path = Membership.m; sourceTree = "<group>"; };
		937FD600171C3AA5005C9F64 /* Issue.h */ = {isa = PBXFileReference; fileEncoding = 4; lastKnownFileType = sourcecode.c.h; path = Issue.h; sourceTree = "<group>"; };
		937FD601171C3AA5005C9F64 /* Issue.m */ = {isa = PBXFileReference; fileEncoding = 4; lastKnownFileType = sourcecode.c.objc; path = Issue.m; sourceTree = "<group>"; };
		937FD603171C3AA6005C9F64 /* Attach.h */ = {isa = PBXFileReference; fileEncoding = 4; lastKnownFileType = sourcecode.c.h; path = Attach.h; sourceTree = "<group>"; };
		937FD604171C3AA6005C9F64 /* Attach.m */ = {isa = PBXFileReference; fileEncoding = 4; lastKnownFileType = sourcecode.c.objc; path = Attach.m; sourceTree = "<group>"; };
		937FD606171C3AA6005C9F64 /* TimeEntry.h */ = {isa = PBXFileReference; fileEncoding = 4; lastKnownFileType = sourcecode.c.h; path = TimeEntry.h; sourceTree = "<group>"; };
		937FD607171C3AA6005C9F64 /* TimeEntry.m */ = {isa = PBXFileReference; fileEncoding = 4; lastKnownFileType = sourcecode.c.objc; path = TimeEntry.m; sourceTree = "<group>"; };
		937FD609171C3AA6005C9F64 /* User.h */ = {isa = PBXFileReference; fileEncoding = 4; lastKnownFileType = sourcecode.c.h; path = User.h; sourceTree = "<group>"; };
		937FD60A171C3AA6005C9F64 /* User.m */ = {isa = PBXFileReference; fileEncoding = 4; lastKnownFileType = sourcecode.c.objc; path = User.m; sourceTree = "<group>"; };
		937FD60C171C3AA6005C9F64 /* Role.h */ = {isa = PBXFileReference; fileEncoding = 4; lastKnownFileType = sourcecode.c.h; path = Role.h; sourceTree = "<group>"; };
		937FD60D171C3AA6005C9F64 /* Role.m */ = {isa = PBXFileReference; fileEncoding = 4; lastKnownFileType = sourcecode.c.objc; path = Role.m; sourceTree = "<group>"; };
		937FD60F171C3AA6005C9F64 /* Relation.h */ = {isa = PBXFileReference; fileEncoding = 4; lastKnownFileType = sourcecode.c.h; path = Relation.h; sourceTree = "<group>"; };
		937FD610171C3AA6005C9F64 /* Relation.m */ = {isa = PBXFileReference; fileEncoding = 4; lastKnownFileType = sourcecode.c.objc; path = Relation.m; sourceTree = "<group>"; };
		937FD612171C3AA6005C9F64 /* Detail.h */ = {isa = PBXFileReference; fileEncoding = 4; lastKnownFileType = sourcecode.c.h; path = Detail.h; sourceTree = "<group>"; };
		937FD613171C3AA6005C9F64 /* Detail.m */ = {isa = PBXFileReference; fileEncoding = 4; lastKnownFileType = sourcecode.c.objc; path = Detail.m; sourceTree = "<group>"; };
		937FD615171C3AA6005C9F64 /* Priority.h */ = {isa = PBXFileReference; fileEncoding = 4; lastKnownFileType = sourcecode.c.h; path = Priority.h; sourceTree = "<group>"; };
		937FD616171C3AA6005C9F64 /* Priority.m */ = {isa = PBXFileReference; fileEncoding = 4; lastKnownFileType = sourcecode.c.objc; path = Priority.m; sourceTree = "<group>"; };
		937FD618171C3AA6005C9F64 /* Project.h */ = {isa = PBXFileReference; fileEncoding = 4; lastKnownFileType = sourcecode.c.h; path = Project.h; sourceTree = "<group>"; };
		937FD619171C3AA6005C9F64 /* Project.m */ = {isa = PBXFileReference; fileEncoding = 4; lastKnownFileType = sourcecode.c.objc; path = Project.m; sourceTree = "<group>"; };
		937FD61B171C3AA6005C9F64 /* Version.h */ = {isa = PBXFileReference; fileEncoding = 4; lastKnownFileType = sourcecode.c.h; path = Version.h; sourceTree = "<group>"; };
		937FD61C171C3AA6005C9F64 /* Version.m */ = {isa = PBXFileReference; fileEncoding = 4; lastKnownFileType = sourcecode.c.objc; path = Version.m; sourceTree = "<group>"; };
		937FD61E171C579F005C9F64 /* WebKit.framework */ = {isa = PBXFileReference; lastKnownFileType = wrapper.framework; name = WebKit.framework; path = System/Library/Frameworks/WebKit.framework; sourceTree = SDKROOT; };
		9390E70216FCD1A800D68182 /* R.app */ = {isa = PBXFileReference; explicitFileType = wrapper.application; includeInIndex = 0; path = R.app; sourceTree = BUILT_PRODUCTS_DIR; };
		9390E70516FCD1A800D68182 /* Cocoa.framework */ = {isa = PBXFileReference; lastKnownFileType = wrapper.framework; name = Cocoa.framework; path = System/Library/Frameworks/Cocoa.framework; sourceTree = SDKROOT; };
		9390E70816FCD1A800D68182 /* AppKit.framework */ = {isa = PBXFileReference; lastKnownFileType = wrapper.framework; name = AppKit.framework; path = System/Library/Frameworks/AppKit.framework; sourceTree = SDKROOT; };
		9390E70916FCD1A800D68182 /* CoreData.framework */ = {isa = PBXFileReference; lastKnownFileType = wrapper.framework; name = CoreData.framework; path = System/Library/Frameworks/CoreData.framework; sourceTree = SDKROOT; };
		9390E70A16FCD1A800D68182 /* Foundation.framework */ = {isa = PBXFileReference; lastKnownFileType = wrapper.framework; name = Foundation.framework; path = System/Library/Frameworks/Foundation.framework; sourceTree = SDKROOT; };
		9390E70D16FCD1A800D68182 /* R-Info.plist */ = {isa = PBXFileReference; lastKnownFileType = text.plist.xml; path = "R-Info.plist"; sourceTree = "<group>"; };
		9390E70F16FCD1A800D68182 /* en */ = {isa = PBXFileReference; lastKnownFileType = text.plist.strings; name = en; path = en.lproj/InfoPlist.strings; sourceTree = "<group>"; };
		9390E71116FCD1A800D68182 /* main.m */ = {isa = PBXFileReference; lastKnownFileType = sourcecode.c.objc; path = main.m; sourceTree = "<group>"; };
		9390E71316FCD1A800D68182 /* R-Prefix.pch */ = {isa = PBXFileReference; lastKnownFileType = sourcecode.c.h; path = "R-Prefix.pch"; sourceTree = "<group>"; };
		9390E71516FCD1A900D68182 /* en */ = {isa = PBXFileReference; lastKnownFileType = text.rtf; name = en; path = en.lproj/Credits.rtf; sourceTree = "<group>"; };
		9390E71716FCD1A900D68182 /* MFAppDelegate.h */ = {isa = PBXFileReference; lastKnownFileType = sourcecode.c.h; path = MFAppDelegate.h; sourceTree = "<group>"; };
		9390E71816FCD1A900D68182 /* MFAppDelegate.m */ = {isa = PBXFileReference; lastKnownFileType = sourcecode.c.objc; path = MFAppDelegate.m; sourceTree = "<group>"; };
		9390E71B16FCD1A900D68182 /* en */ = {isa = PBXFileReference; lastKnownFileType = file.xib; name = en; path = en.lproj/MainMenu.xib; sourceTree = "<group>"; };
		9390E71E16FCD1A900D68182 /* R.xcdatamodel */ = {isa = PBXFileReference; lastKnownFileType = wrapper.xcdatamodel; path = R.xcdatamodel; sourceTree = "<group>"; };
		9390E72416FCD1A900D68182 /* RImporter.mdimporter */ = {isa = PBXFileReference; explicitFileType = wrapper.cfbundle; includeInIndex = 0; path = RImporter.mdimporter; sourceTree = BUILT_PRODUCTS_DIR; };
		9390E72816FCD1A900D68182 /* CoreServices.framework */ = {isa = PBXFileReference; lastKnownFileType = wrapper.framework; name = CoreServices.framework; path = System/Library/Frameworks/CoreServices.framework; sourceTree = SDKROOT; };
		9390E72A16FCD1A900D68182 /* CoreFoundation.framework */ = {isa = PBXFileReference; lastKnownFileType = wrapper.framework; name = CoreFoundation.framework; path = System/Library/Frameworks/CoreFoundation.framework; sourceTree = SDKROOT; };
		9390E72C16FCD1A900D68182 /* CoreData.framework */ = {isa = PBXFileReference; lastKnownFileType = wrapper.framework; name = CoreData.framework; path = System/Library/Frameworks/CoreData.framework; sourceTree = SDKROOT; };
		9390E72E16FCD1A900D68182 /* Foundation.framework */ = {isa = PBXFileReference; lastKnownFileType = wrapper.framework; name = Foundation.framework; path = System/Library/Frameworks/Foundation.framework; sourceTree = SDKROOT; };
		9390E73216FCD1AA00D68182 /* RImporter-Info.plist */ = {isa = PBXFileReference; lastKnownFileType = text.plist.xml; path = "RImporter-Info.plist"; sourceTree = "<group>"; };
		9390E73416FCD1AA00D68182 /* en */ = {isa = PBXFileReference; lastKnownFileType = text.plist.strings; name = en; path = en.lproj/InfoPlist.strings; sourceTree = "<group>"; };
		9390E73616FCD1AA00D68182 /* main.c */ = {isa = PBXFileReference; lastKnownFileType = sourcecode.c.c; path = main.c; sourceTree = "<group>"; };
		9390E73816FCD1AA00D68182 /* GetMetadataForFile.m */ = {isa = PBXFileReference; lastKnownFileType = sourcecode.c.objc; path = GetMetadataForFile.m; sourceTree = "<group>"; };
		9390E73A16FCD1AA00D68182 /* MySpotlightImporter.h */ = {isa = PBXFileReference; lastKnownFileType = sourcecode.c.h; path = MySpotlightImporter.h; sourceTree = "<group>"; };
		9390E73B16FCD1AA00D68182 /* MySpotlightImporter.m */ = {isa = PBXFileReference; lastKnownFileType = sourcecode.c.objc; path = MySpotlightImporter.m; sourceTree = "<group>"; };
		9390E73D16FCD1AA00D68182 /* Importer Read Me.txt */ = {isa = PBXFileReference; lastKnownFileType = text; path = "Importer Read Me.txt"; sourceTree = "<group>"; };
		9390E73E16FCD1AA00D68182 /* RImporter-Prefix.pch */ = {isa = PBXFileReference; lastKnownFileType = sourcecode.c.h; path = "RImporter-Prefix.pch"; sourceTree = "<group>"; };
		9390E74916FCF90D00D68182 /* TFHpple.h */ = {isa = PBXFileReference; fileEncoding = 4; lastKnownFileType = sourcecode.c.h; path = TFHpple.h; sourceTree = "<group>"; };
		9390E74A16FCF90D00D68182 /* TFHpple.m */ = {isa = PBXFileReference; fileEncoding = 4; lastKnownFileType = sourcecode.c.objc; path = TFHpple.m; sourceTree = "<group>"; };
		9390E74B16FCF90D00D68182 /* TFHppleElement.h */ = {isa = PBXFileReference; fileEncoding = 4; lastKnownFileType = sourcecode.c.h; path = TFHppleElement.h; sourceTree = "<group>"; };
		9390E74C16FCF90D00D68182 /* TFHppleElement.m */ = {isa = PBXFileReference; fileEncoding = 4; lastKnownFileType = sourcecode.c.objc; path = TFHppleElement.m; sourceTree = "<group>"; };
		9390E74D16FCF90D00D68182 /* XPathQuery.h */ = {isa = PBXFileReference; fileEncoding = 4; lastKnownFileType = sourcecode.c.h; path = XPathQuery.h; sourceTree = "<group>"; };
		9390E74E16FCF90D00D68182 /* XPathQuery.m */ = {isa = PBXFileReference; fileEncoding = 4; lastKnownFileType = sourcecode.c.objc; path = XPathQuery.m; sourceTree = "<group>"; };
		9390E79516FCFB7100D68182 /* libxml2.dylib */ = {isa = PBXFileReference; lastKnownFileType = "compiled.mach-o.dylib"; name = libxml2.dylib; path = usr/lib/libxml2.dylib; sourceTree = SDKROOT; };
		9390E79716FCFF9500D68182 /* MFPreferencesPanel.h */ = {isa = PBXFileReference; fileEncoding = 4; lastKnownFileType = sourcecode.c.h; path = MFPreferencesPanel.h; sourceTree = "<group>"; };
		9390E79816FCFF9500D68182 /* MFPreferencesPanel.m */ = {isa = PBXFileReference; fileEncoding = 4; lastKnownFileType = sourcecode.c.objc; path = MFPreferencesPanel.m; sourceTree = "<group>"; };
		9390E79B16FD0BD100D68182 /* MFConnector.h */ = {isa = PBXFileReference; fileEncoding = 4; lastKnownFileType = sourcecode.c.h; path = MFConnector.h; sourceTree = "<group>"; };
		9390E79C16FD0BD100D68182 /* MFConnector.m */ = {isa = PBXFileReference; fileEncoding = 4; lastKnownFileType = sourcecode.c.objc; path = MFConnector.m; sourceTree = "<group>"; };
		9390E79E16FDEA4200D68182 /* background.png */ = {isa = PBXFileReference; lastKnownFileType = image.png; path = background.png; sourceTree = "<group>"; };
		9390E7A016FE002D00D68182 /* background_p.png */ = {isa = PBXFileReference; lastKnownFileType = image.png; path = background_p.png; sourceTree = "<group>"; };
		93BEB3DD17116F0C003D5A01 /* MFIssueView.h */ = {isa = PBXFileReference; fileEncoding = 4; lastKnownFileType = sourcecode.c.h; path = MFIssueView.h; sourceTree = "<group>"; };
		93BEB3DE17116F0C003D5A01 /* MFIssueView.m */ = {isa = PBXFileReference; fileEncoding = 4; lastKnownFileType = sourcecode.c.objc; path = MFIssueView.m; sourceTree = "<group>"; };
		93BEB3F21713811B003D5A01 /* Icon.icns */ = {isa = PBXFileReference; lastKnownFileType = image.icns; name = Icon.icns; path = ../Icon.icns; sourceTree = "<group>"; };
		93C94491170C40B500843955 /* MFAuthorization.h */ = {isa = PBXFileReference; fileEncoding = 4; lastKnownFileType = sourcecode.c.h; path = MFAuthorization.h; sourceTree = "<group>"; };
		93C94492170C40B500843955 /* MFAuthorization.m */ = {isa = PBXFileReference; fileEncoding = 4; lastKnownFileType = sourcecode.c.objc; path = MFAuthorization.m; sourceTree = "<group>"; };
		93C94498170DE39E00843955 /* MFDatabaseUpdator.h */ = {isa = PBXFileReference; fileEncoding = 4; lastKnownFileType = sourcecode.c.h; path = MFDatabaseUpdator.h; sourceTree = "<group>"; };
		93C94499170DE39E00843955 /* MFDatabaseUpdator.m */ = {isa = PBXFileReference; fileEncoding = 4; lastKnownFileType = sourcecode.c.objc; path = MFDatabaseUpdator.m; sourceTree = "<group>"; };
		93EEA9CF16FF9AB00066ECC7 /* add.png */ = {isa = PBXFileReference; lastKnownFileType = image.png; path = add.png; sourceTree = "<group>"; };
		93EEA9D116FF9F350066ECC7 /* add5.png */ = {isa = PBXFileReference; lastKnownFileType = image.png; path = add5.png; sourceTree = "<group>"; };
		93EEA9D216FF9F350066ECC7 /* add4.png */ = {isa = PBXFileReference; lastKnownFileType = image.png; path = add4.png; sourceTree = "<group>"; };
		93EEA9D316FF9F350066ECC7 /* add3.png */ = {isa = PBXFileReference; lastKnownFileType = image.png; path = add3.png; sourceTree = "<group>"; };
		93EEA9D416FF9F350066ECC7 /* add2.png */ = {isa = PBXFileReference; lastKnownFileType = image.png; path = add2.png; sourceTree = "<group>"; };
		93EEA9D516FF9F350066ECC7 /* add1.png */ = {isa = PBXFileReference; lastKnownFileType = image.png; path = add1.png; sourceTree = "<group>"; };
/* End PBXFileReference section */

/* Begin PBXFrameworksBuildPhase section */
		9390E6FF16FCD1A800D68182 /* Frameworks */ = {
			isa = PBXFrameworksBuildPhase;
			buildActionMask = 2147483647;
			files = (
				937FD61F171C579F005C9F64 /* WebKit.framework in Frameworks */,
				9390E79A16FD07C600D68182 /* Foundation.framework in Frameworks */,
				9390E79616FCFB7100D68182 /* libxml2.dylib in Frameworks */,
				9390E70616FCD1A800D68182 /* Cocoa.framework in Frameworks */,
			);
			runOnlyForDeploymentPostprocessing = 0;
		};
		9390E72116FCD1A900D68182 /* Frameworks */ = {
			isa = PBXFrameworksBuildPhase;
			buildActionMask = 2147483647;
			files = (
				9390E72916FCD1A900D68182 /* CoreServices.framework in Frameworks */,
				9390E72B16FCD1A900D68182 /* CoreFoundation.framework in Frameworks */,
				9390E72D16FCD1A900D68182 /* CoreData.framework in Frameworks */,
				9390E72F16FCD1A900D68182 /* Foundation.framework in Frameworks */,
			);
			runOnlyForDeploymentPostprocessing = 0;
		};
/* End PBXFrameworksBuildPhase section */

/* Begin PBXGroup section */
		930BBBF51702D03600B664C2 /* Main Window */ = {
			isa = PBXGroup;
			children = (
				930BBBF71702D32100B664C2 /* MFFiltersControl.h */,
				930BBBF81702D32100B664C2 /* MFFiltersControl.m */,
				930BBC131703814600B664C2 /* MFProjectSelector.h */,
				930BBC141703814600B664C2 /* MFProjectSelector.m */,
				930BBC16170444D200B664C2 /* MFIssuesList.h */,
				930BBC17170444D200B664C2 /* MFIssuesList.m */,
				93BEB3DD17116F0C003D5A01 /* MFIssueView.h */,
				93BEB3DE17116F0C003D5A01 /* MFIssueView.m */,
			);
			name = "Main Window";
			sourceTree = "<group>";
		};
		930BBBF61702D06100B664C2 /* Libraries */ = {
			isa = PBXGroup;
			children = (
				9390E79516FCFB7100D68182 /* libxml2.dylib */,
				9390E74816FCF90D00D68182 /* Hpple */,
			);
			name = Libraries;
			sourceTree = "<group>";
		};
		930BBBFD17033CFC00B664C2 /* Data */ = {
			isa = PBXGroup;
			children = (
				93BEB652171610C4003D5A01 /* Entities */,
				9390E71D16FCD1A900D68182 /* R.xcdatamodeld */,
				930BBC1017036EA700B664C2 /* MFDatabase.h */,
				930BBC1117036EA700B664C2 /* MFDatabase.m */,
			);
			name = Data;
			sourceTree = "<group>";
		};
		9390E6F916FCD1A800D68182 = {
			isa = PBXGroup;
			children = (
				9390E70B16FCD1A800D68182 /* R */,
				9390E73016FCD1A900D68182 /* RImporter */,
				9390E70416FCD1A800D68182 /* Frameworks */,
				9390E70316FCD1A800D68182 /* Products */,
			);
			sourceTree = "<group>";
		};
		9390E70316FCD1A800D68182 /* Products */ = {
			isa = PBXGroup;
			children = (
				9390E70216FCD1A800D68182 /* R.app */,
				9390E72416FCD1A900D68182 /* RImporter.mdimporter */,
			);
			name = Products;
			sourceTree = "<group>";
		};
		9390E70416FCD1A800D68182 /* Frameworks */ = {
			isa = PBXGroup;
			children = (
				937FD61E171C579F005C9F64 /* WebKit.framework */,
				9390E70516FCD1A800D68182 /* Cocoa.framework */,
				9390E72816FCD1A900D68182 /* CoreServices.framework */,
				9390E72A16FCD1A900D68182 /* CoreFoundation.framework */,
				9390E72C16FCD1A900D68182 /* CoreData.framework */,
				9390E72E16FCD1A900D68182 /* Foundation.framework */,
				9390E70716FCD1A800D68182 /* Other Frameworks */,
			);
			name = Frameworks;
			sourceTree = "<group>";
		};
		9390E70716FCD1A800D68182 /* Other Frameworks */ = {
			isa = PBXGroup;
			children = (
				9390E70816FCD1A800D68182 /* AppKit.framework */,
				9390E70916FCD1A800D68182 /* CoreData.framework */,
				9390E70A16FCD1A800D68182 /* Foundation.framework */,
			);
			name = "Other Frameworks";
			sourceTree = "<group>";
		};
		9390E70B16FCD1A800D68182 /* R */ = {
			isa = PBXGroup;
			children = (
				930BBBFD17033CFC00B664C2 /* Data */,
				93F477211701F4290069B255 /* Images */,
				930BBBF61702D06100B664C2 /* Libraries */,
				93F47774170203190069B255 /* Network */,
				93F477221701FBF50069B255 /* Prefereces Panel */,
				930BBBF51702D03600B664C2 /* Main Window */,
				9390E71716FCD1A900D68182 /* MFAppDelegate.h */,
				9390E71816FCD1A900D68182 /* MFAppDelegate.m */,
				930BBBFA1702E09F00B664C2 /* MFSettings.h */,
				930BBBFB1702E0A000B664C2 /* MFSettings.m */,
				9390E71A16FCD1A900D68182 /* MainMenu.xib */,
				9390E70C16FCD1A800D68182 /* Supporting Files */,
			);
			path = R;
			sourceTree = "<group>";
		};
		9390E70C16FCD1A800D68182 /* Supporting Files */ = {
			isa = PBXGroup;
			children = (
				9390E70D16FCD1A800D68182 /* R-Info.plist */,
				9390E70E16FCD1A800D68182 /* InfoPlist.strings */,
				9390E71116FCD1A800D68182 /* main.m */,
				9390E71316FCD1A800D68182 /* R-Prefix.pch */,
				9390E71416FCD1A900D68182 /* Credits.rtf */,
			);
			name = "Supporting Files";
			sourceTree = "<group>";
		};
		9390E73016FCD1A900D68182 /* RImporter */ = {
			isa = PBXGroup;
			children = (
				9390E73816FCD1AA00D68182 /* GetMetadataForFile.m */,
				9390E73A16FCD1AA00D68182 /* MySpotlightImporter.h */,
				9390E73B16FCD1AA00D68182 /* MySpotlightImporter.m */,
				9390E73D16FCD1AA00D68182 /* Importer Read Me.txt */,
				9390E73116FCD1AA00D68182 /* Supporting Files */,
			);
			path = RImporter;
			sourceTree = "<group>";
		};
		9390E73116FCD1AA00D68182 /* Supporting Files */ = {
			isa = PBXGroup;
			children = (
				9390E73216FCD1AA00D68182 /* RImporter-Info.plist */,
				9390E73316FCD1AA00D68182 /* InfoPlist.strings */,
				9390E73616FCD1AA00D68182 /* main.c */,
				9390E73E16FCD1AA00D68182 /* RImporter-Prefix.pch */,
			);
			name = "Supporting Files";
			sourceTree = "<group>";
		};
		9390E74816FCF90D00D68182 /* Hpple */ = {
			isa = PBXGroup;
			children = (
				9390E74916FCF90D00D68182 /* TFHpple.h */,
				9390E74A16FCF90D00D68182 /* TFHpple.m */,
				9390E74B16FCF90D00D68182 /* TFHppleElement.h */,
				9390E74C16FCF90D00D68182 /* TFHppleElement.m */,
				9390E74D16FCF90D00D68182 /* XPathQuery.h */,
				9390E74E16FCF90D00D68182 /* XPathQuery.m */,
			);
			name = Hpple;
			path = Dependencies/Hpple;
			sourceTree = "<group>";
		};
		93BEB652171610C4003D5A01 /* Entities */ = {
			isa = PBXGroup;
			children = (
				937FD61B171C3AA6005C9F64 /* Version.h */,
				937FD61C171C3AA6005C9F64 /* Version.m */,
				937FD618171C3AA6005C9F64 /* Project.h */,
				937FD619171C3AA6005C9F64 /* Project.m */,
				937FD615171C3AA6005C9F64 /* Priority.h */,
				937FD616171C3AA6005C9F64 /* Priority.m */,
				937FD612171C3AA6005C9F64 /* Detail.h */,
				937FD613171C3AA6005C9F64 /* Detail.m */,
				937FD60F171C3AA6005C9F64 /* Relation.h */,
				937FD610171C3AA6005C9F64 /* Relation.m */,
				937FD60C171C3AA6005C9F64 /* Role.h */,
				937FD60D171C3AA6005C9F64 /* Role.m */,
				937FD609171C3AA6005C9F64 /* User.h */,
				937FD60A171C3AA6005C9F64 /* User.m */,
				937FD606171C3AA6005C9F64 /* TimeEntry.h */,
				937FD607171C3AA6005C9F64 /* TimeEntry.m */,
				937FD603171C3AA6005C9F64 /* Attach.h */,
				937FD604171C3AA6005C9F64 /* Attach.m */,
				937FD600171C3AA5005C9F64 /* Issue.h */,
				937FD601171C3AA5005C9F64 /* Issue.m */,
				937FD5FD171C3AA5005C9F64 /* Membership.h */,
				937FD5FE171C3AA5005C9F64 /* Membership.m */,
				937FD5FA171C3AA5005C9F64 /* Tracker.h */,
				937FD5FB171C3AA5005C9F64 /* Tracker.m */,
				937FD5F7171C3AA5005C9F64 /* Status.h */,
				937FD5F8171C3AA5005C9F64 /* Status.m */,
				937FD5F4171C3AA5005C9F64 /* Activity.h */,
				937FD5F5171C3AA5005C9F64 /* Activity.m */,
				937FD5F1171C3AA5005C9F64 /* Journal.h */,
				937FD5F2171C3AA5005C9F64 /* Journal.m */,
			);
			name = Entities;
			sourceTree = "<group>";
		};
		93F477211701F4290069B255 /* Images */ = {
			isa = PBXGroup;
			children = (
				93551634171F01B9006AE6AB /* picture frame.tiff */,
				93551632171F019B006AE6AB /* linen.tiff */,
				9355162E171F0181006AE6AB /* ImageBubbleGloss.tiff */,
				9355162F171F0181006AE6AB /* ImageBubbleMask.tiff */,
				9355162A171F012D006AE6AB /* BigBubbleGloss.tiff */,
				9355162B171F012D006AE6AB /* BigBubbleMask.tiff */,
				93BEB3F21713811B003D5A01 /* Icon.icns */,
				93EEA9D116FF9F350066ECC7 /* add5.png */,
				93EEA9D216FF9F350066ECC7 /* add4.png */,
				93EEA9D316FF9F350066ECC7 /* add3.png */,
				93EEA9D416FF9F350066ECC7 /* add2.png */,
				93EEA9D516FF9F350066ECC7 /* add1.png */,
				93EEA9CF16FF9AB00066ECC7 /* add.png */,
				936EED7916FF5F2D00379492 /* p1.png */,
				936EED7A16FF5F2D00379492 /* p2.png */,
				9390E79E16FDEA4200D68182 /* background.png */,
				9390E7A016FE002D00D68182 /* background_p.png */,
				936EED7716FF421700379492 /* background_small.png */,
			);
			name = Images;
			sourceTree = "<group>";
		};
		93F477221701FBF50069B255 /* Prefereces Panel */ = {
			isa = PBXGroup;
			children = (
				9390E79716FCFF9500D68182 /* MFPreferencesPanel.h */,
				9390E79816FCFF9500D68182 /* MFPreferencesPanel.m */,
			);
			name = "Prefereces Panel";
			sourceTree = "<group>";
		};
		93F47774170203190069B255 /* Network */ = {
			isa = PBXGroup;
			children = (
				9390E79B16FD0BD100D68182 /* MFConnector.h */,
				9390E79C16FD0BD100D68182 /* MFConnector.m */,
				93C94498170DE39E00843955 /* MFDatabaseUpdator.h */,
				93C94499170DE39E00843955 /* MFDatabaseUpdator.m */,
				93C94491170C40B500843955 /* MFAuthorization.h */,
				93C94492170C40B500843955 /* MFAuthorization.m */,
			);
			name = Network;
			sourceTree = "<group>";
		};
/* End PBXGroup section */

/* Begin PBXNativeTarget section */
		9390E70116FCD1A800D68182 /* R */ = {
			isa = PBXNativeTarget;
			buildConfigurationList = 9390E74416FCD1AA00D68182 /* Build configuration list for PBXNativeTarget "R" */;
			buildPhases = (
				9390E6FE16FCD1A800D68182 /* Sources */,
				9390E6FF16FCD1A800D68182 /* Frameworks */,
				9390E70016FCD1A800D68182 /* Resources */,
			);
			buildRules = (
			);
			dependencies = (
				9390E72616FCD1A900D68182 /* PBXTargetDependency */,
			);
			name = R;
			productName = R;
			productReference = 9390E70216FCD1A800D68182 /* R.app */;
			productType = "com.apple.product-type.application";
		};
		9390E72316FCD1A900D68182 /* RImporter */ = {
			isa = PBXNativeTarget;
			buildConfigurationList = 9390E74116FCD1AA00D68182 /* Build configuration list for PBXNativeTarget "RImporter" */;
			buildPhases = (
				9390E72016FCD1A900D68182 /* Sources */,
				9390E72116FCD1A900D68182 /* Frameworks */,
				9390E72216FCD1A900D68182 /* Resources */,
			);
			buildRules = (
			);
			dependencies = (
			);
			name = RImporter;
			productName = RImporter;
			productReference = 9390E72416FCD1A900D68182 /* RImporter.mdimporter */;
			productType = "com.apple.product-type.bundle";
		};
/* End PBXNativeTarget section */

/* Begin PBXProject section */
		9390E6FA16FCD1A800D68182 /* Project object */ = {
			isa = PBXProject;
			attributes = {
				CLASSPREFIX = MF;
				LastUpgradeCheck = 0460;
				ORGANIZATIONNAME = MacFlash;
			};
			buildConfigurationList = 9390E6FD16FCD1A800D68182 /* Build configuration list for PBXProject "R" */;
			compatibilityVersion = "Xcode 3.2";
			developmentRegion = English;
			hasScannedForEncodings = 0;
			knownRegions = (
				en,
			);
			mainGroup = 9390E6F916FCD1A800D68182;
			productRefGroup = 9390E70316FCD1A800D68182 /* Products */;
			projectDirPath = "";
			projectRoot = "";
			targets = (
				9390E70116FCD1A800D68182 /* R */,
				9390E72316FCD1A900D68182 /* RImporter */,
			);
		};
/* End PBXProject section */

/* Begin PBXResourcesBuildPhase section */
		9390E70016FCD1A800D68182 /* Resources */ = {
			isa = PBXResourcesBuildPhase;
			buildActionMask = 2147483647;
			files = (
				9390E71016FCD1A800D68182 /* InfoPlist.strings in Resources */,
				9390E71616FCD1A900D68182 /* Credits.rtf in Resources */,
				9390E71C16FCD1A900D68182 /* MainMenu.xib in Resources */,
				9390E72716FCD1A900D68182 /* RImporter.mdimporter in Resources */,
				9390E79F16FDEA4200D68182 /* background.png in Resources */,
				9390E7A116FE002D00D68182 /* background_p.png in Resources */,
				936EED7816FF421700379492 /* background_small.png in Resources */,
				936EED7B16FF5F2D00379492 /* p1.png in Resources */,
				936EED7C16FF5F2D00379492 /* p2.png in Resources */,
				93EEA9D016FF9AB00066ECC7 /* add.png in Resources */,
				93EEA9D616FF9F350066ECC7 /* add5.png in Resources */,
				93EEA9D716FF9F350066ECC7 /* add4.png in Resources */,
				93EEA9D816FF9F350066ECC7 /* add3.png in Resources */,
				93EEA9D916FF9F350066ECC7 /* add2.png in Resources */,
				93EEA9DA16FF9F350066ECC7 /* add1.png in Resources */,
				93BEB3F31713811B003D5A01 /* Icon.icns in Resources */,
				9355162C171F012D006AE6AB /* BigBubbleGloss.tiff in Resources */,
				9355162D171F012D006AE6AB /* BigBubbleMask.tiff in Resources */,
				93551630171F0181006AE6AB /* ImageBubbleGloss.tiff in Resources */,
				93551631171F0181006AE6AB /* ImageBubbleMask.tiff in Resources */,
				93551633171F019B006AE6AB /* linen.tiff in Resources */,
				93551635171F01B9006AE6AB /* picture frame.tiff in Resources */,
			);
			runOnlyForDeploymentPostprocessing = 0;
		};
		9390E72216FCD1A900D68182 /* Resources */ = {
			isa = PBXResourcesBuildPhase;
			buildActionMask = 2147483647;
			files = (
				9390E73516FCD1AA00D68182 /* InfoPlist.strings in Resources */,
			);
			runOnlyForDeploymentPostprocessing = 0;
		};
/* End PBXResourcesBuildPhase section */

/* Begin PBXSourcesBuildPhase section */
		9390E6FE16FCD1A800D68182 /* Sources */ = {
			isa = PBXSourcesBuildPhase;
			buildActionMask = 2147483647;
			files = (
				9390E71216FCD1A800D68182 /* main.m in Sources */,
				9390E71916FCD1A900D68182 /* MFAppDelegate.m in Sources */,
				9390E71F16FCD1A900D68182 /* R.xcdatamodeld in Sources */,
				9390E77D16FCF90D00D68182 /* TFHpple.m in Sources */,
				9390E77E16FCF90D00D68182 /* TFHppleElement.m in Sources */,
				9390E77F16FCF90D00D68182 /* XPathQuery.m in Sources */,
				9390E79916FCFF9500D68182 /* MFPreferencesPanel.m in Sources */,
				9390E79D16FD0BD200D68182 /* MFConnector.m in Sources */,
				930BBBF91702D32100B664C2 /* MFFiltersControl.m in Sources */,
				930BBBFC1702E0A000B664C2 /* MFSettings.m in Sources */,
				930BBC1217036EA700B664C2 /* MFDatabase.m in Sources */,
				930BBC151703814600B664C2 /* MFProjectSelector.m in Sources */,
				930BBC18170444D300B664C2 /* MFIssuesList.m in Sources */,
				93C94493170C40B500843955 /* MFAuthorization.m in Sources */,
				93C9449A170DE39E00843955 /* MFDatabaseUpdator.m in Sources */,
				93BEB3DF17116F0C003D5A01 /* MFIssueView.m in Sources */,
				937FD5F3171C3AA5005C9F64 /* Journal.m in Sources */,
				937FD5F6171C3AA5005C9F64 /* Activity.m in Sources */,
				937FD5F9171C3AA5005C9F64 /* Status.m in Sources */,
				937FD5FC171C3AA5005C9F64 /* Tracker.m in Sources */,
				937FD5FF171C3AA5005C9F64 /* Membership.m in Sources */,
				937FD602171C3AA5005C9F64 /* Issue.m in Sources */,
				937FD605171C3AA6005C9F64 /* Attach.m in Sources */,
				937FD608171C3AA6005C9F64 /* TimeEntry.m in Sources */,
				937FD60B171C3AA6005C9F64 /* User.m in Sources */,
				937FD60E171C3AA6005C9F64 /* Role.m in Sources */,
				937FD611171C3AA6005C9F64 /* Relation.m in Sources */,
				937FD614171C3AA6005C9F64 /* Detail.m in Sources */,
				937FD617171C3AA6005C9F64 /* Priority.m in Sources */,
				937FD61A171C3AA6005C9F64 /* Project.m in Sources */,
				937FD61D171C3AA6005C9F64 /* Version.m in Sources */,
			);
			runOnlyForDeploymentPostprocessing = 0;
		};
		9390E72016FCD1A900D68182 /* Sources */ = {
			isa = PBXSourcesBuildPhase;
			buildActionMask = 2147483647;
			files = (
				9390E73716FCD1AA00D68182 /* main.c in Sources */,
				9390E73916FCD1AA00D68182 /* GetMetadataForFile.m in Sources */,
				9390E73C16FCD1AA00D68182 /* MySpotlightImporter.m in Sources */,
			);
			runOnlyForDeploymentPostprocessing = 0;
		};
/* End PBXSourcesBuildPhase section */

/* Begin PBXTargetDependency section */
		9390E72616FCD1A900D68182 /* PBXTargetDependency */ = {
			isa = PBXTargetDependency;
			target = 9390E72316FCD1A900D68182 /* RImporter */;
			targetProxy = 9390E72516FCD1A900D68182 /* PBXContainerItemProxy */;
		};
/* End PBXTargetDependency section */

/* Begin PBXVariantGroup section */
		9390E70E16FCD1A800D68182 /* InfoPlist.strings */ = {
			isa = PBXVariantGroup;
			children = (
				9390E70F16FCD1A800D68182 /* en */,
			);
			name = InfoPlist.strings;
			sourceTree = "<group>";
		};
		9390E71416FCD1A900D68182 /* Credits.rtf */ = {
			isa = PBXVariantGroup;
			children = (
				9390E71516FCD1A900D68182 /* en */,
			);
			name = Credits.rtf;
			sourceTree = "<group>";
		};
		9390E71A16FCD1A900D68182 /* MainMenu.xib */ = {
			isa = PBXVariantGroup;
			children = (
				9390E71B16FCD1A900D68182 /* en */,
			);
			name = MainMenu.xib;
			sourceTree = "<group>";
		};
		9390E73316FCD1AA00D68182 /* InfoPlist.strings */ = {
			isa = PBXVariantGroup;
			children = (
				9390E73416FCD1AA00D68182 /* en */,
			);
			name = InfoPlist.strings;
			sourceTree = "<group>";
		};
/* End PBXVariantGroup section */

/* Begin XCBuildConfiguration section */
		9390E73F16FCD1AA00D68182 /* Debug */ = {
			isa = XCBuildConfiguration;
			buildSettings = {
				ALWAYS_SEARCH_USER_PATHS = NO;
				ARCHS = "$(ARCHS_STANDARD_64_BIT)";
				CLANG_CXX_LANGUAGE_STANDARD = "gnu++0x";
				CLANG_CXX_LIBRARY = "libc++";
				CLANG_ENABLE_OBJC_ARC = YES;
				CLANG_WARN_CONSTANT_CONVERSION = YES;
				CLANG_WARN_EMPTY_BODY = YES;
				CLANG_WARN_ENUM_CONVERSION = YES;
				CLANG_WARN_INT_CONVERSION = YES;
				CLANG_WARN__DUPLICATE_METHOD_MATCH = YES;
				COPY_PHASE_STRIP = NO;
				GCC_C_LANGUAGE_STANDARD = gnu99;
				GCC_DYNAMIC_NO_PIC = NO;
				GCC_ENABLE_OBJC_EXCEPTIONS = YES;
				GCC_OPTIMIZATION_LEVEL = 0;
				GCC_PREPROCESSOR_DEFINITIONS = (
					"DEBUG=1",
					"$(inherited)",
				);
				GCC_SYMBOLS_PRIVATE_EXTERN = NO;
				GCC_WARN_64_TO_32_BIT_CONVERSION = YES;
				GCC_WARN_ABOUT_RETURN_TYPE = YES;
				GCC_WARN_UNINITIALIZED_AUTOS = YES;
				GCC_WARN_UNUSED_VARIABLE = YES;
				MACOSX_DEPLOYMENT_TARGET = 10.8;
				ONLY_ACTIVE_ARCH = YES;
				SDKROOT = macosx;
			};
			name = Debug;
		};
		9390E74016FCD1AA00D68182 /* Release */ = {
			isa = XCBuildConfiguration;
			buildSettings = {
				ALWAYS_SEARCH_USER_PATHS = NO;
				ARCHS = "$(ARCHS_STANDARD_64_BIT)";
				CLANG_CXX_LANGUAGE_STANDARD = "gnu++0x";
				CLANG_CXX_LIBRARY = "libc++";
				CLANG_ENABLE_OBJC_ARC = YES;
				CLANG_WARN_CONSTANT_CONVERSION = YES;
				CLANG_WARN_EMPTY_BODY = YES;
				CLANG_WARN_ENUM_CONVERSION = YES;
				CLANG_WARN_INT_CONVERSION = YES;
				CLANG_WARN__DUPLICATE_METHOD_MATCH = YES;
				COPY_PHASE_STRIP = YES;
				DEBUG_INFORMATION_FORMAT = "dwarf-with-dsym";
				GCC_C_LANGUAGE_STANDARD = gnu99;
				GCC_ENABLE_OBJC_EXCEPTIONS = YES;
				GCC_WARN_64_TO_32_BIT_CONVERSION = YES;
				GCC_WARN_ABOUT_RETURN_TYPE = YES;
				GCC_WARN_UNINITIALIZED_AUTOS = YES;
				GCC_WARN_UNUSED_VARIABLE = YES;
				MACOSX_DEPLOYMENT_TARGET = 10.8;
				SDKROOT = macosx;
			};
			name = Release;
		};
		9390E74216FCD1AA00D68182 /* Debug */ = {
			isa = XCBuildConfiguration;
			buildSettings = {
				ALWAYS_SEARCH_USER_PATHS = YES;
				COMBINE_HIDPI_IMAGES = YES;
				GCC_PRECOMPILE_PREFIX_HEADER = YES;
				GCC_PREFIX_HEADER = "RImporter/RImporter-Prefix.pch";
				INFOPLIST_FILE = "RImporter/RImporter-Info.plist";
				INSTALL_PATH = "@executable_path/../Contents/Library/Spotlight";
				LIBRARY_STYLE = BUNDLE;
				PRODUCT_NAME = "$(TARGET_NAME)";
				SKIP_INSTALL = YES;
				WRAPPER_EXTENSION = mdimporter;
			};
			name = Debug;
		};
		9390E74316FCD1AA00D68182 /* Release */ = {
			isa = XCBuildConfiguration;
			buildSettings = {
				ALWAYS_SEARCH_USER_PATHS = YES;
				COMBINE_HIDPI_IMAGES = YES;
				GCC_PRECOMPILE_PREFIX_HEADER = YES;
				GCC_PREFIX_HEADER = "RImporter/RImporter-Prefix.pch";
				INFOPLIST_FILE = "RImporter/RImporter-Info.plist";
				INSTALL_PATH = "@executable_path/../Contents/Library/Spotlight";
				LIBRARY_STYLE = BUNDLE;
				PRODUCT_NAME = "$(TARGET_NAME)";
				SKIP_INSTALL = YES;
				WRAPPER_EXTENSION = mdimporter;
			};
			name = Release;
		};
		9390E74516FCD1AA00D68182 /* Debug */ = {
			isa = XCBuildConfiguration;
			buildSettings = {
				COMBINE_HIDPI_IMAGES = YES;
				GCC_PRECOMPILE_PREFIX_HEADER = YES;
				GCC_PREFIX_HEADER = "R/R-Prefix.pch";
				HEADER_SEARCH_PATHS = "$(SDKROOT)/usr/include/libxml2";
				INFOPLIST_FILE = "R/R-Info.plist";
				PRODUCT_NAME = "$(TARGET_NAME)";
				WRAPPER_EXTENSION = app;
			};
			name = Debug;
		};
		9390E74616FCD1AA00D68182 /* Release */ = {
			isa = XCBuildConfiguration;
			buildSettings = {
				COMBINE_HIDPI_IMAGES = YES;
				GCC_PRECOMPILE_PREFIX_HEADER = YES;
				GCC_PREFIX_HEADER = "R/R-Prefix.pch";
				HEADER_SEARCH_PATHS = "$(SDKROOT)/usr/include/libxml2";
				INFOPLIST_FILE = "R/R-Info.plist";
				PRODUCT_NAME = "$(TARGET_NAME)";
				WRAPPER_EXTENSION = app;
			};
			name = Release;
		};
/* End XCBuildConfiguration section */

/* Begin XCConfigurationList section */
		9390E6FD16FCD1A800D68182 /* Build configuration list for PBXProject "R" */ = {
			isa = XCConfigurationList;
			buildConfigurations = (
				9390E73F16FCD1AA00D68182 /* Debug */,
				9390E74016FCD1AA00D68182 /* Release */,
			);
			defaultConfigurationIsVisible = 0;
			defaultConfigurationName = Release;
		};
		9390E74116FCD1AA00D68182 /* Build configuration list for PBXNativeTarget "RImporter" */ = {
			isa = XCConfigurationList;
			buildConfigurations = (
				9390E74216FCD1AA00D68182 /* Debug */,
				9390E74316FCD1AA00D68182 /* Release */,
			);
			defaultConfigurationIsVisible = 0;
			defaultConfigurationName = Release;
		};
		9390E74416FCD1AA00D68182 /* Build configuration list for PBXNativeTarget "R" */ = {
			isa = XCConfigurationList;
			buildConfigurations = (
				9390E74516FCD1AA00D68182 /* Debug */,
				9390E74616FCD1AA00D68182 /* Release */,
			);
			defaultConfigurationIsVisible = 0;
			defaultConfigurationName = Release;
		};
/* End XCConfigurationList section */

/* Begin XCVersionGroup section */
		9390E71D16FCD1A900D68182 /* R.xcdatamodeld */ = {
			isa = XCVersionGroup;
			children = (
				9390E71E16FCD1A900D68182 /* R.xcdatamodel */,
			);
			currentVersion = 9390E71E16FCD1A900D68182 /* R.xcdatamodel */;
			path = R.xcdatamodeld;
			sourceTree = "<group>";
			versionGroupType = wrapper.xcdatamodel;
		};
/* End XCVersionGroup section */
	};
	rootObject = 9390E6FA16FCD1A800D68182 /* Project object */;
}
